
Microsoft Visual Studio Solution File, Format Version 12.00
# Visual Studio Version 16
VisualStudioVersion = 16.0.29613.14
MinimumVisualStudioVersion = 10.0.40219.1
Project("{FAE04EC0-301F-11D3-BF4B-00C04F79EFBC}") = "kutuphane", "kutuphane\kutuphane.csproj", "{8D38D280-18ED-4BF7-B013-A7B47CB5595A}"
EndProject
Global
	GlobalSection(SolutionConfigurationPlatforms) = preSolution
		Debug|Any CPU = Debug|Any CPU
		Release|Any CPU = Release|Any CPU
	EndGlobalSection
	GlobalSection(ProjectConfigurationPlatforms) = postSolution
		{8D38D280-18ED-4BF7-B013-A7B47CB5595A}.Debug|Any CPU.ActiveCfg = Debug|Any CPU
		{8D38D280-18ED-4BF7-B013-A7B47CB5595A}.Debug|Any CPU.Build.0 = Debug|Any CPU
		{8D38D280-18ED-4BF7-B013-A7B47CB5595A}.Release|Any CPU.ActiveCfg = Release|Any CPU
		{8D38D280-18ED-4BF7-B013-A7B47CB5595A}.Release|Any CPU.Build.0 = Release|Any CPU
	EndGlobalSection
	GlobalSection(SolutionProperties) = preSolution
		HideSolutionNode = FALSE
	EndGlobalSection
	GlobalSection(ExtensibilityGlobals) = postSolution
		SolutionGuid = {CC413890-0F92-422C-B8A4-E1FF7807B812}
	EndGlobalSection
EndGlobal
